
Microsoft Visual Studio Solution File, Format Version 12.00
# Visual Studio Version 16
VisualStudioVersion = 16.0.31205.134
MinimumVisualStudioVersion = 10.0.40219.1
Project("{9A19103F-16F7-4668-BE54-9A1E7A4F7556}") = "CertbotAliyunDns", "CertbotAliyunDns\CertbotAliyunDns.csproj", "{32D8B57F-CD65-4683-967C-07FFB8538766}"
EndProject
Global
	GlobalSection(SolutionConfigurationPlatforms) = preSolution
		Debug|Any CPU = Debug|Any CPU
		Release|Any CPU = Release|Any CPU
	EndGlobalSection
	GlobalSection(ProjectConfigurationPlatforms) = postSolution
		{32D8B57F-CD65-4683-967C-07FFB8538766}.Debug|Any CPU.ActiveCfg = Debug|Any CPU
		{32D8B57F-CD65-4683-967C-07FFB8538766}.Debug|Any CPU.Build.0 = Debug|Any CPU
		{32D8B57F-CD65-4683-967C-07FFB8538766}.Release|Any CPU.ActiveCfg = Release|Any CPU
		{32D8B57F-CD65-4683-967C-07FFB8538766}.Release|Any CPU.Build.0 = Release|Any CPU
	EndGlobalSection
	GlobalSection(SolutionProperties) = preSolution
		HideSolutionNode = FALSE
	EndGlobalSection
	GlobalSection(ExtensibilityGlobals) = postSolution
		SolutionGuid = {DCF5EBF5-49AD-4F0E-9DBC-29BDA8D8BF64}
	EndGlobalSection
EndGlobal
